version = 1
revision = 2
requires-python = ">=3.8"
resolution-markers = [
    "python_full_version >= '3.10'",
    "python_full_version == '3.9.*'",
    "python_full_version < '3.9'",
]

[[package]]
name = "file-parsing"
version = "0.1.0"
source = { editable = "." }
dependencies = [
    { name = "pymupdf", version = "1.24.11", source = { registry = "https://pypi.org/simple" }, marker = "python_full_version < '3.9'" },
    { name = "pymupdf", version = "1.26.5", source = { registry = "https://pypi.org/simple" }, marker = "python_full_version == '3.9.*'" },
    { name = "pymupdf", version = "1.26.7", source = { registry = "https://pypi.org/simple" }, marker = "python_full_version >= '3.10'" },
]

[package.metadata]
requires-dist = [{ name = "pymupdf", specifier = ">=1.24.11" }]
provides-extras = ["dev"]

[[package]]
name = "pymupdf"
version = "1.24.11"
source = { registry = "https://pypi.org/simple" }
resolution-markers = [
    "python_full_version < '3.9'",
]
sdist = { url = "https://files.pythonhosted.org/packages/d4/a3/3edbb6be649e311107b320141cae0353d4cc9c6593eba7691f16c53c9c71/PyMuPDF-1.24.11.tar.gz", hash = "sha256:6e45e57f14ac902029d4aacf07684958d0e58c769f47d9045b2048d0a3d20155", size = 51199098, upload-time = "2024-10-03T20:59:54.415Z" }
wheels = [
    { url = "https://files.pythonhosted.org/packages/f5/75/b059d603530d99926de2b6a64314f3534e2149ee5496142de550c66907ac/PyMuPDF-1.24.11-cp38-abi3-macosx_10_9_x86_64.whl", hash = "sha256:24c35ba9e731027ff24566b90d4986e9aac75e1ce47589b25de51e3c687ddb73", size = 18895391, upload-time = "2024-10-03T20:58:18.04Z" },
    { url = "https://files.pythonhosted.org/packages/16/f8/8396ca7218622cb3600c919b320a24f05b7c14bd81eea03f3f2182844a06/PyMuPDF-1.24.11-cp38-abi3-macosx_11_0_arm64.whl", hash = "sha256:20c8eb65b855a33411246d6697a3f3166727fe2d8585753cf0db648730104be6", size = 18152689, upload-time = "2024-10-03T20:58:31.823Z" },
    { url = "https://files.pythonhosted.org/packages/55/3d/84bd559129d2ff07267baae0bde0c6f4f49232408b547971f7a2e1534cb9/PyMuPDF-1.24.11-cp38-abi3-manylinux2014_aarch64.manylinux_2_17_aarch64.whl", hash = "sha256:32fd013e3c844f105c0a6a43ee82acc7cd0c900f6ff14f5eed9492840bbcbdd9", size = 19033047, upload-time = "2024-10-04T07:59:52.645Z" },
    { url = "https://files.pythonhosted.org/packages/ca/21/ad66778ad2485f87ef1d5a36f17ec8d4aee8ce247c8e46c673eff776a877/PyMuPDF-1.24.11-cp38-abi3-manylinux2014_x86_64.manylinux_2_17_x86_64.whl", hash = "sha256:2efb793644df99db0fe2468149048175cf25c5803997828efc9152aca838f5f2", size = 19563533, upload-time = "2024-10-03T20:58:58.548Z" },
    { url = "https://files.pythonhosted.org/packages/6a/92/9ff020892560f80433876ec904c0f2669d1d69403adf412565e54a946615/PyMuPDF-1.24.11-cp38-abi3-musllinux_1_2_x86_64.whl", hash = "sha256:9b7ac5b8ec3daec17f2e830962ed091610e576a5e531d2fe28c437fbd69b1969", size = 20691324, upload-time = "2024-10-03T20:58:46.085Z" },
    { url = "https://files.pythonhosted.org/packages/28/6b/a0247598f06585d84ae9927d6ed191d89d38686ad6bf0dadc0ed699a77e7/PyMuPDF-1.24.11-cp38-abi3-win32.whl", hash = "sha256:6fda6c7ed7e6ad74d9cfac5c3837ef42efd58c506440e2513a0a200bc3c4dbc0", size = 14685566, upload-time = "2024-10-03T20:59:21.644Z" },
    { url = "https://files.pythonhosted.org/packages/f6/03/99895f003d7ff59c83d524aeccecff4e1ee1f39a7724f88acfda4f67b8bc/PyMuPDF-1.24.11-cp38-abi3-win_amd64.whl", hash = "sha256:745ce77532702d6ddeeecb47306d3669629aa5ff82708318cd652881f493b0ba", size = 15984328, upload-time = "2024-10-03T20:59:11.654Z" },
]

[[package]]
name = "pymupdf"
version = "1.26.5"
source = { registry = "https://pypi.org/simple" }
resolution-markers = [
    "python_full_version == '3.9.*'",
]
sdist = { url = "https://files.pythonhosted.org/packages/8d/9a/e0a4e92a85fc17be7c54afdbb113f0ade2a8bca49856d510e28bd249e462/pymupdf-1.26.5.tar.gz", hash = "sha256:8ef335e07f648492df240f2247854d0e7c0467afb9c4dc2376ec30978ec158c3", size = 84319274, upload-time = "2025-10-10T14:04:51.826Z" }
wheels = [
    { url = "https://files.pythonhosted.org/packages/dd/3f/7fc927fd66922ce838d4c974ff9a685c5f5aba108a5d94914dc05c9371f5/pymupdf-1.26.5-cp39-abi3-macosx_10_9_x86_64.whl", hash = "sha256:2bfb58f07ad631e5f71ad0bd6f1ff52700f7ba7ebb4973130e81e75b721beae1", size = 23065601, upload-time = "2025-10-10T13:58:43.98Z" },
    { url = "https://files.pythonhosted.org/packages/c1/e2/e87e62284ba98d59f1fd4fc7542ef2ed0002525754a485fa4077b3bbddae/pymupdf-1.26.5-cp39-abi3-macosx_11_0_arm64.whl", hash = "sha256:d58599479bc471d3ae56c3d68d9160d0b7de8a3bd40221ddc3a4eaae2d281b86", size = 22412612, upload-time = "2025-10-10T13:59:04.846Z" },
    { url = "https://files.pythonhosted.org/packages/df/c2/af93c6367f79e9b5435f803bde51c1dc8225f054f8238162dda80b44986d/pymupdf-1.26.5-cp39-abi3-manylinux_2_28_aarch64.whl", hash = "sha256:7dfea81fdd73437a6a6ce83e1fcf556faee9327a6540571e58bf04fa362bb0cd", size = 23457410, upload-time = "2025-10-10T22:45:26.355Z" },
    { url = "https://files.pythonhosted.org/packages/5b/5a/1292a0df4ff71fbc00dfa8c08759d17c97e1e8ea9277eb5bc5f079ca188d/pymupdf-1.26.5-cp39-abi3-manylinux_2_28_x86_64.whl", hash = "sha256:caad0ffeb63dcc4a29ca40f3c68d7b78d32a932e834b0056b529cc0bdbaaffc9", size = 24064941, upload-time = "2025-10-10T13:59:48.544Z" },
    { url = "https://files.pythonhosted.org/packages/28/90/87b7fdfc9cd6991a3eb69a5752f6343374c34f258c511c242f4d60791eea/pymupdf-1.26.5-cp39-abi3-musllinux_1_2_x86_64.whl", hash = "sha256:e24e7a7d696bd398543cc5c147869edb2026d5d5a21b7f8e35db2f20170b389e", size = 24268203, upload-time = "2025-10-10T14:00:28.791Z" },
    { url = "https://files.pythonhosted.org/packages/2c/99/9d4b36485538e29df0a013fb02bbf6b5b0743a428fa07515e36631c43363/pymupdf-1.26.5-cp39-abi3-win32.whl", hash = "sha256:a2a42f5911d153a47bf5c3e162a0bfe8745eb9bec3e59fbaf87617b4003d8270", size = 17130722, upload-time = "2025-10-10T14:00:51.377Z" },
    { url = "https://files.pythonhosted.org/packages/c6/96/fd59c1532891762ea4815e73956c532053d5e26d56969e1e5d1e4ca4b207/pymupdf-1.26.5-cp39-abi3-win_amd64.whl", hash = "sha256:39a6fb58182b27b51ea8150a0cd2e4ee7e0cf71e9d6723978f28699b42ee61ae", size = 18747258, upload-time = "2025-10-10T14:01:37.346Z" },
]

[[package]]
name = "pymupdf"
version = "1.26.7"
source = { registry = "https://pypi.org/simple" }
resolution-markers = [
    "python_full_version >= '3.10'",
]
sdist = { url = "https://files.pythonhosted.org/packages/48/d6/09b28f027b510838559f7748807192149c419b30cb90e6d5f0cf916dc9dc/pymupdf-1.26.7.tar.gz", hash = "sha256:71add8bdc8eb1aaa207c69a13400693f06ad9b927bea976f5d5ab9df0bb489c3", size = 84327033, upload-time = "2025-12-11T21:48:50.694Z" }
wheels = [
    { url = "https://files.pythonhosted.org/packages/94/35/cd74cea1787b2247702ef8522186bdef32e9cb30a099e6bb864627ef6045/pymupdf-1.26.7-cp310-abi3-macosx_10_9_x86_64.whl", hash = "sha256:07085718dfdae5ab83b05eb5eb397f863bcc538fe05135318a01ea353e7a1353", size = 23179369, upload-time = "2025-12-11T21:47:21.587Z" },
    { url = "https://files.pythonhosted.org/packages/72/74/448b6172927c829c6a3fba80078d7b0a016ebbe2c9ee528821f5ea21677a/pymupdf-1.26.7-cp310-abi3-macosx_11_0_arm64.whl", hash = "sha256:31aa9c8377ea1eea02934b92f4dcf79fb2abba0bf41f8a46d64c3e31546a3c02", size = 22470101, upload-time = "2025-12-11T21:47:37.105Z" },
    { url = "https://files.pythonhosted.org/packages/65/e7/47af26f3ac76be7ac3dd4d6cc7ee105948a8355d774e5ca39857bf91c11c/pymupdf-1.26.7-cp310-abi3-manylinux_2_28_aarch64.whl", hash = "sha256:e419b609996434a14a80fa060adec72c434a1cca6a511ec54db9841bc5d51b3c", size = 23502486, upload-time = "2025-12-12T09:51:25.824Z" },
    { url = "https://files.pythonhosted.org/packages/2a/6b/3de1714d734ff949be1e90a22375d0598d3540b22ae73eb85c2d7d1f36a9/pymupdf-1.26.7-cp310-abi3-manylinux_2_28_x86_64.whl", hash = "sha256:69dfc78f206a96e5b3ac22741263ebab945fdf51f0dbe7c5757c3511b23d9d72", size = 24115727, upload-time = "2025-12-11T21:47:51.274Z" },
    { url = "https://files.pythonhosted.org/packages/62/9b/f86224847949577a523be2207315ae0fd3155b5d909cd66c274d095349a3/pymupdf-1.26.7-cp310-abi3-musllinux_1_2_x86_64.whl", hash = "sha256:1d5106f46e1ca0d64d46bd51892372a4f82076bdc14a9678d33d630702abca36", size = 24324386, upload-time = "2025-12-12T14:58:45.483Z" },
    { url = "https://files.pythonhosted.org/packages/85/8e/a117d39092ca645fde8b903f4a941d9aa75b370a67b4f1f435f56393dc5a/pymupdf-1.26.7-cp310-abi3-win32.whl", hash = "sha256:7c9645b6f5452629c747690190350213d3e5bbdb6b2eca227d82702b327f6eee", size = 17203888, upload-time = "2025-12-12T13:59:57.613Z" },
    { url = "https://files.pythonhosted.org/packages/dd/c3/d0047678146c294469c33bae167c8ace337deafb736b0bf97b9bc481aa65/pymupdf-1.26.7-cp310-abi3-win_amd64.whl", hash = "sha256:425b1befe40d41b72eb0fe211711c7ae334db5eb60307e9dd09066ed060cceba", size = 18405952, upload-time = "2025-12-11T21:48:02.947Z" },
]
